
Microsoft Visual Studio Solution File, Format Version 12.00
# Visual Studio 15
VisualStudioVersion = 15.0.26124.0
MinimumVisualStudioVersion = 15.0.26124.0
Project("{2150E333-8FDC-42A3-9474-1A3956D46DE8}") = "Domain", "Domain", "{E63FE909-AA2B-4934-A746-98963A277595}"
EndProject
Project("{FAE04EC0-301F-11D3-BF4B-00C04F79EFBC}") = "Aluno", "Domain\Aluno\Aluno.csproj", "{201C2688-B9A1-40E9-8BDE-EF6985C59B98}"
EndProject
Project("{FAE04EC0-301F-11D3-BF4B-00C04F79EFBC}") = "Comum", "Domain\Core\Comum.csproj", "{F808993D-3A62-4C45-A6C6-605421599D2B}"
EndProject
Project("{FAE04EC0-301F-11D3-BF4B-00C04F79EFBC}") = "Professor", "Domain\Professor\Professor.csproj", "{8F724197-D035-48DE-83C4-8D70C5280DFD}"
EndProject
Project("{2150E333-8FDC-42A3-9474-1A3956D46DE8}") = "Infra", "Infra", "{4376B4D1-9607-4C07-9AE1-AB139163CC3D}"
EndProject
Project("{FAE04EC0-301F-11D3-BF4B-00C04F79EFBC}") = "Data", "Infra\Data\Data.csproj", "{E27F0805-DAEA-4BFF-BE8E-167C1328235E}"
EndProject
Project("{FAE04EC0-301F-11D3-BF4B-00C04F79EFBC}") = "CrossCuting", "Infra\CrossCuting\CrossCuting.csproj", "{9F7662AD-75ED-4B4E-9DF5-6BE6C4A11A44}"
EndProject
Project("{FAE04EC0-301F-11D3-BF4B-00C04F79EFBC}") = "MVC", "MVC\MVC.csproj", "{33302219-5D15-4871-9579-1576A6E2C0AF}"
EndProject
Global
	GlobalSection(SolutionConfigurationPlatforms) = preSolution
		Debug|Any CPU = Debug|Any CPU
		Debug|x64 = Debug|x64
		Debug|x86 = Debug|x86
		Release|Any CPU = Release|Any CPU
		Release|x64 = Release|x64
		Release|x86 = Release|x86
	EndGlobalSection
	GlobalSection(SolutionProperties) = preSolution
		HideSolutionNode = FALSE
	EndGlobalSection
	GlobalSection(ProjectConfigurationPlatforms) = postSolution
		{201C2688-B9A1-40E9-8BDE-EF6985C59B98}.Debug|Any CPU.ActiveCfg = Debug|Any CPU
		{201C2688-B9A1-40E9-8BDE-EF6985C59B98}.Debug|Any CPU.Build.0 = Debug|Any CPU
		{201C2688-B9A1-40E9-8BDE-EF6985C59B98}.Debug|x64.ActiveCfg = Debug|x64
		{201C2688-B9A1-40E9-8BDE-EF6985C59B98}.Debug|x64.Build.0 = Debug|x64
		{201C2688-B9A1-40E9-8BDE-EF6985C59B98}.Debug|x86.ActiveCfg = Debug|x86
		{201C2688-B9A1-40E9-8BDE-EF6985C59B98}.Debug|x86.Build.0 = Debug|x86
		{201C2688-B9A1-40E9-8BDE-EF6985C59B98}.Release|Any CPU.ActiveCfg = Release|Any CPU
		{201C2688-B9A1-40E9-8BDE-EF6985C59B98}.Release|Any CPU.Build.0 = Release|Any CPU
		{201C2688-B9A1-40E9-8BDE-EF6985C59B98}.Release|x64.ActiveCfg = Release|x64
		{201C2688-B9A1-40E9-8BDE-EF6985C59B98}.Release|x64.Build.0 = Release|x64
		{201C2688-B9A1-40E9-8BDE-EF6985C59B98}.Release|x86.ActiveCfg = Release|x86
		{201C2688-B9A1-40E9-8BDE-EF6985C59B98}.Release|x86.Build.0 = Release|x86
		{F808993D-3A62-4C45-A6C6-605421599D2B}.Debug|Any CPU.ActiveCfg = Debug|Any CPU
		{F808993D-3A62-4C45-A6C6-605421599D2B}.Debug|Any CPU.Build.0 = Debug|Any CPU
		{F808993D-3A62-4C45-A6C6-605421599D2B}.Debug|x64.ActiveCfg = Debug|x64
		{F808993D-3A62-4C45-A6C6-605421599D2B}.Debug|x64.Build.0 = Debug|x64
		{F808993D-3A62-4C45-A6C6-605421599D2B}.Debug|x86.ActiveCfg = Debug|x86
		{F808993D-3A62-4C45-A6C6-605421599D2B}.Debug|x86.Build.0 = Debug|x86
		{F808993D-3A62-4C45-A6C6-605421599D2B}.Release|Any CPU.ActiveCfg = Release|Any CPU
		{F808993D-3A62-4C45-A6C6-605421599D2B}.Release|Any CPU.Build.0 = Release|Any CPU
		{F808993D-3A62-4C45-A6C6-605421599D2B}.Release|x64.ActiveCfg = Release|x64
		{F808993D-3A62-4C45-A6C6-605421599D2B}.Release|x64.Build.0 = Release|x64
		{F808993D-3A62-4C45-A6C6-605421599D2B}.Release|x86.ActiveCfg = Release|x86
		{F808993D-3A62-4C45-A6C6-605421599D2B}.Release|x86.Build.0 = Release|x86
		{8F724197-D035-48DE-83C4-8D70C5280DFD}.Debug|Any CPU.ActiveCfg = Debug|Any CPU
		{8F724197-D035-48DE-83C4-8D70C5280DFD}.Debug|Any CPU.Build.0 = Debug|Any CPU
		{8F724197-D035-48DE-83C4-8D70C5280DFD}.Debug|x64.ActiveCfg = Debug|x64
		{8F724197-D035-48DE-83C4-8D70C5280DFD}.Debug|x64.Build.0 = Debug|x64
		{8F724197-D035-48DE-83C4-8D70C5280DFD}.Debug|x86.ActiveCfg = Debug|x86
		{8F724197-D035-48DE-83C4-8D70C5280DFD}.Debug|x86.Build.0 = Debug|x86
		{8F724197-D035-48DE-83C4-8D70C5280DFD}.Release|Any CPU.ActiveCfg = Release|Any CPU
		{8F724197-D035-48DE-83C4-8D70C5280DFD}.Release|Any CPU.Build.0 = Release|Any CPU
		{8F724197-D035-48DE-83C4-8D70C5280DFD}.Release|x64.ActiveCfg = Release|x64
		{8F724197-D035-48DE-83C4-8D70C5280DFD}.Release|x64.Build.0 = Release|x64
		{8F724197-D035-48DE-83C4-8D70C5280DFD}.Release|x86.ActiveCfg = Release|x86
		{8F724197-D035-48DE-83C4-8D70C5280DFD}.Release|x86.Build.0 = Release|x86
		{E27F0805-DAEA-4BFF-BE8E-167C1328235E}.Debug|Any CPU.ActiveCfg = Debug|Any CPU
		{E27F0805-DAEA-4BFF-BE8E-167C1328235E}.Debug|Any CPU.Build.0 = Debug|Any CPU
		{E27F0805-DAEA-4BFF-BE8E-167C1328235E}.Debug|x64.ActiveCfg = Debug|x64
		{E27F0805-DAEA-4BFF-BE8E-167C1328235E}.Debug|x64.Build.0 = Debug|x64
		{E27F0805-DAEA-4BFF-BE8E-167C1328235E}.Debug|x86.ActiveCfg = Debug|x86
		{E27F0805-DAEA-4BFF-BE8E-167C1328235E}.Debug|x86.Build.0 = Debug|x86
		{E27F0805-DAEA-4BFF-BE8E-167C1328235E}.Release|Any CPU.ActiveCfg = Release|Any CPU
		{E27F0805-DAEA-4BFF-BE8E-167C1328235E}.Release|Any CPU.Build.0 = Release|Any CPU
		{E27F0805-DAEA-4BFF-BE8E-167C1328235E}.Release|x64.ActiveCfg = Release|x64
		{E27F0805-DAEA-4BFF-BE8E-167C1328235E}.Release|x64.Build.0 = Release|x64
		{E27F0805-DAEA-4BFF-BE8E-167C1328235E}.Release|x86.ActiveCfg = Release|x86
		{E27F0805-DAEA-4BFF-BE8E-167C1328235E}.Release|x86.Build.0 = Release|x86
		{9F7662AD-75ED-4B4E-9DF5-6BE6C4A11A44}.Debug|Any CPU.ActiveCfg = Debug|Any CPU
		{9F7662AD-75ED-4B4E-9DF5-6BE6C4A11A44}.Debug|Any CPU.Build.0 = Debug|Any CPU
		{9F7662AD-75ED-4B4E-9DF5-6BE6C4A11A44}.Debug|x64.ActiveCfg = Debug|x64
		{9F7662AD-75ED-4B4E-9DF5-6BE6C4A11A44}.Debug|x64.Build.0 = Debug|x64
		{9F7662AD-75ED-4B4E-9DF5-6BE6C4A11A44}.Debug|x86.ActiveCfg = Debug|x86
		{9F7662AD-75ED-4B4E-9DF5-6BE6C4A11A44}.Debug|x86.Build.0 = Debug|x86
		{9F7662AD-75ED-4B4E-9DF5-6BE6C4A11A44}.Release|Any CPU.ActiveCfg = Release|Any CPU
		{9F7662AD-75ED-4B4E-9DF5-6BE6C4A11A44}.Release|Any CPU.Build.0 = Release|Any CPU
		{9F7662AD-75ED-4B4E-9DF5-6BE6C4A11A44}.Release|x64.ActiveCfg = Release|x64
		{9F7662AD-75ED-4B4E-9DF5-6BE6C4A11A44}.Release|x64.Build.0 = Release|x64
		{9F7662AD-75ED-4B4E-9DF5-6BE6C4A11A44}.Release|x86.ActiveCfg = Release|x86
		{9F7662AD-75ED-4B4E-9DF5-6BE6C4A11A44}.Release|x86.Build.0 = Release|x86
		{33302219-5D15-4871-9579-1576A6E2C0AF}.Debug|Any CPU.ActiveCfg = Debug|Any CPU
		{33302219-5D15-4871-9579-1576A6E2C0AF}.Debug|Any CPU.Build.0 = Debug|Any CPU
		{33302219-5D15-4871-9579-1576A6E2C0AF}.Debug|x64.ActiveCfg = Debug|x64
		{33302219-5D15-4871-9579-1576A6E2C0AF}.Debug|x64.Build.0 = Debug|x64
		{33302219-5D15-4871-9579-1576A6E2C0AF}.Debug|x86.ActiveCfg = Debug|x86
		{33302219-5D15-4871-9579-1576A6E2C0AF}.Debug|x86.Build.0 = Debug|x86
		{33302219-5D15-4871-9579-1576A6E2C0AF}.Release|Any CPU.ActiveCfg = Release|Any CPU
		{33302219-5D15-4871-9579-1576A6E2C0AF}.Release|Any CPU.Build.0 = Release|Any CPU
		{33302219-5D15-4871-9579-1576A6E2C0AF}.Release|x64.ActiveCfg = Release|x64
		{33302219-5D15-4871-9579-1576A6E2C0AF}.Release|x64.Build.0 = Release|x64
		{33302219-5D15-4871-9579-1576A6E2C0AF}.Release|x86.ActiveCfg = Release|x86
		{33302219-5D15-4871-9579-1576A6E2C0AF}.Release|x86.Build.0 = Release|x86
	EndGlobalSection
	GlobalSection(NestedProjects) = preSolution
		{201C2688-B9A1-40E9-8BDE-EF6985C59B98} = {E63FE909-AA2B-4934-A746-98963A277595}
		{F808993D-3A62-4C45-A6C6-605421599D2B} = {E63FE909-AA2B-4934-A746-98963A277595}
		{8F724197-D035-48DE-83C4-8D70C5280DFD} = {E63FE909-AA2B-4934-A746-98963A277595}
		{E27F0805-DAEA-4BFF-BE8E-167C1328235E} = {4376B4D1-9607-4C07-9AE1-AB139163CC3D}
		{9F7662AD-75ED-4B4E-9DF5-6BE6C4A11A44} = {4376B4D1-9607-4C07-9AE1-AB139163CC3D}
	EndGlobalSection
EndGlobal
